{
  "nodes": {
    "nixln-edit": {
      "inputs": {
        "nixpkgs": [
          "nixpkgs"
        ]
      },
      "locked": {
        "lastModified": 1724112713,
        "narHash": "sha256-Sv1GxtqpNDgtF+NTqguu651j1unwK2L0I0gxU1fsGkQ=",
        "owner": "nlintn",
        "repo": "nixln-edit",
        "rev": "47e98000967c6fa78aa99b9bf5d3375b4a1dfda0",
        "type": "github"
      },
      "original": {
        "owner": "nlintn",
        "repo": "nixln-edit",
        "type": "github"
      }
    },
    "nixpkgs": {
      "locked": {
        "lastModified": 1729176677,
        "narHash": "sha256-1+4O3Gk0zGD2LJdP8zymzwUV2bY1cZ6Ae5UUNPGUo4E=",
        "owner": "nixos",
        "repo": "nixpkgs",
        "rev": "88a7f67e8669a5beea5efc44bb2f26a7bcd5a706",
        "type": "github"
      },
      "original": {
        "owner": "nixos",
        "repo": "nixpkgs",
        "type": "github"
      }
    },
    "root": {
      "inputs": {
        "nixln-edit": "nixln-edit",
        "nixpkgs": "nixpkgs"
      }
    }
  },
  "root": "root",
  "version": 7
}
