{
  "nodes": {
    "nixln-edit": {
      "inputs": {
        "nixpkgs": [
          "nixpkgs"
        ]
      },
      "locked": {
        "lastModified": 1724112713,
        "narHash": "sha256-Sv1GxtqpNDgtF+NTqguu651j1unwK2L0I0gxU1fsGkQ=",
        "owner": "nlintn",
        "repo": "nixln-edit",
        "rev": "47e98000967c6fa78aa99b9bf5d3375b4a1dfda0",
        "type": "github"
      },
      "original": {
        "owner": "nlintn",
        "repo": "nixln-edit",
        "type": "github"
      }
    },
    "nixpkgs": {
      "locked": {
        "lastModified": 1724921545,
        "narHash": "sha256-ERavi1PxH2UPD5b+UkPDPRtpbX/15DnJIJDjK3JuPFU=",
        "owner": "nixos",
        "repo": "nixpkgs",
        "rev": "4dfe798decc582285d0d4e3ec426db524ca1b10f",
        "type": "github"
      },
      "original": {
        "owner": "nixos",
        "repo": "nixpkgs",
        "type": "github"
      }
    },
    "root": {
      "inputs": {
        "nixln-edit": "nixln-edit",
        "nixpkgs": "nixpkgs"
      }
    }
  },
  "root": "root",
  "version": 7
}
